
Microsoft Visual Studio Solution File, Format Version 12.00
Project("{FAE04EC0-301F-11D3-BF4B-00C04F79EFBC}") = "Test_Consimple", "Test_Consimple\Test_Consimple.csproj", "{B92856A6-24DB-4ED4-B98E-F3A9C939DA86}"
EndProject
Global
	GlobalSection(SolutionConfigurationPlatforms) = preSolution
		Debug|Any CPU = Debug|Any CPU
		Release|Any CPU = Release|Any CPU
	EndGlobalSection
	GlobalSection(ProjectConfigurationPlatforms) = postSolution
		{B92856A6-24DB-4ED4-B98E-F3A9C939DA86}.Debug|Any CPU.ActiveCfg = Debug|Any CPU
		{B92856A6-24DB-4ED4-B98E-F3A9C939DA86}.Debug|Any CPU.Build.0 = Debug|Any CPU
		{B92856A6-24DB-4ED4-B98E-F3A9C939DA86}.Release|Any CPU.ActiveCfg = Release|Any CPU
		{B92856A6-24DB-4ED4-B98E-F3A9C939DA86}.Release|Any CPU.Build.0 = Release|Any CPU
	EndGlobalSection
EndGlobal
